Microsoft Visual Studio Solution File, Format Version 12.00
# Visual Studio Version 17
VisualStudioVersion = 17.5.2.0
MinimumVisualStudioVersion = 10.0.40219.1,
Project("{FAE04EC0-301F-11D3-BF4B-00C04F79EFBC}") = "SalesPoc.ApiService", "backend\SalesPoc.ApiService\SalesPoc.ApiService.csproj", "{8C3ADE4C-3D23-CA7D-6D15-4FC186A09927}"
EndProject
Project("{FAE04EC0-301F-11D3-BF4B-00C04F79EFBC}") = "SalesPoc.ServiceDefaults", "backend\SalesPoc.ServiceDefaults\SalesPoc.ServiceDefaults.csproj", "{B8A37733-1140-6960-75FF-08991067B451}"
EndProject
Project("{FAE04EC0-301F-11D3-BF4B-00C04F79EFBC}") = "SalesPoc.AppHost", "backend\SalesPoc.AppHost\SalesPoc.AppHost.csproj", "{54BCAD36-7919-DF3E-AE5A-2DC4F431D99E}"
EndProject
Project("{FAE04EC0-301F-11D3-BF4B-00C04F79EFBC}") = "SalesPoc.ApiService.Tests", "test\SalesPoc.ApiService.Tests\SalesPoc.ApiService.Tests.csproj", "{D53143D7-C511-4A15-B09D-1B6B52352ADB}"
EndProject
Project("{2150E333-8FDC-42A3-9474-1A3956D46DE8}") = "test", "test", "{046F7317-2C23-4B7D-95D5-6299D0249930}"
EndProject
Global
	GlobalSection(SolutionConfigurationPlatforms) = preSolution
		Debug|Any CPU = Debug|Any CPU
		Release|Any CPU = Release|Any CPU
	EndGlobalSection
	GlobalSection(ProjectConfigurationPlatforms) = postSolution
		{8C3ADE4C-3D23-CA7D-6D15-4FC186A09927}.Debug|Any CPU.ActiveCfg = Debug|Any CPU
		{8C3ADE4C-3D23-CA7D-6D15-4FC186A09927}.Debug|Any CPU.Build.0 = Debug|Any CPU
		{8C3ADE4C-3D23-CA7D-6D15-4FC186A09927}.Release|Any CPU.ActiveCfg = Release|Any CPU
		{8C3ADE4C-3D23-CA7D-6D15-4FC186A09927}.Release|Any CPU.Build.0 = Release|Any CPU
		{B8A37733-1140-6960-75FF-08991067B451}.Debug|Any CPU.ActiveCfg = Debug|Any CPU
		{B8A37733-1140-6960-75FF-08991067B451}.Debug|Any CPU.Build.0 = Debug|Any CPU
		{B8A37733-1140-6960-75FF-08991067B451}.Release|Any CPU.ActiveCfg = Release|Any CPU
		{B8A37733-1140-6960-75FF-08991067B451}.Release|Any CPU.Build.0 = Release|Any CPU
		{54BCAD36-7919-DF3E-AE5A-2DC4F431D99E}.Debug|Any CPU.ActiveCfg = Debug|Any CPU
		{54BCAD36-7919-DF3E-AE5A-2DC4F431D99E}.Debug|Any CPU.Build.0 = Debug|Any CPU
		{54BCAD36-7919-DF3E-AE5A-2DC4F431D99E}.Release|Any CPU.ActiveCfg = Release|Any CPU
		{54BCAD36-7919-DF3E-AE5A-2DC4F431D99E}.Release|Any CPU.Build.0 = Release|Any CPU
		{9C8D70E1-9619-4112-9710-522EF07FDAF0}.Debug|Any CPU.ActiveCfg = Debug|Any CPU
		{9C8D70E1-9619-4112-9710-522EF07FDAF0}.Debug|Any CPU.Build.0 = Debug|Any CPU
		{9C8D70E1-9619-4112-9710-522EF07FDAF0}.Release|Any CPU.ActiveCfg = Release|Any CPU
		{9C8D70E1-9619-4112-9710-522EF07FDAF0}.Release|Any CPU.Build.0 = Release|Any CPU
		{D53143D7-C511-4A15-B09D-1B6B52352ADB}.Debug|Any CPU.ActiveCfg = Debug|Any CPU
		{D53143D7-C511-4A15-B09D-1B6B52352ADB}.Debug|Any CPU.Build.0 = Debug|Any CPU
		{D53143D7-C511-4A15-B09D-1B6B52352ADB}.Release|Any CPU.ActiveCfg = Release|Any CPU
		{D53143D7-C511-4A15-B09D-1B6B52352ADB}.Release|Any CPU.Build.0 = Release|Any CPU
	EndGlobalSection
	GlobalSection(SolutionProperties) = preSolution
		HideSolutionNode = FALSE
	EndGlobalSection
	GlobalSection(ExtensibilityGlobals) = postSolution
		SolutionGuid = {775370D5-5981-41EF-9904-D0EAEB051E27}
	EndGlobalSection
	GlobalSection(NestedProjects) = preSolution
		{D53143D7-C511-4A15-B09D-1B6B52352ADB} = {046F7317-2C23-4B7D-95D5-6299D0249930}
	EndGlobalSection
EndGlobal
